{
  "nodes": {
    "grubTheme": {
      "inputs": {
        "nixpkgs": [
          "nixpkgs"
        ]
      },
      "locked": {
        "lastModified": 1733163819,
        "narHash": "sha256-fC+v0YIcU/lY0Hu9qCZIhT6Pc9uJUclC31kQ0Gg2vjo=",
        "owner": "max-ishere",
        "repo": "grub-theme.nix",
        "rev": "9e0c57a412d72e97487f40d8569d3910d41cbc74",
        "type": "github"
      },
      "original": {
        "owner": "max-ishere",
        "ref": "main",
        "repo": "grub-theme.nix",
        "type": "github"
      }
    },
    "hywenhei-extended-font": {
      "flake": false,
      "locked": {
        "lastModified": 1706958192,
        "narHash": "sha256-zzRUVv+OmINrvhOkQWZQ6EjjsqQMO2oAiOKE7je1F6U=",
        "owner": "cawa-93",
        "repo": "HYWenHei-Extended-Font",
        "rev": "4377078bad15b06e68576cab2173d7467398afe7",
        "type": "github"
      },
      "original": {
        "owner": "cawa-93",
        "ref": "main",
        "repo": "HYWenHei-Extended-Font",
        "type": "github"
      }
    },
    "nixpkgs": {
      "locked": {
        "lastModified": 1733015953,
        "narHash": "sha256-t4BBVpwG9B4hLgc6GUBuj3cjU7lP/PJfpTHuSqE+crk=",
        "owner": "nixos",
        "repo": "nixpkgs",
        "rev": "ac35b104800bff9028425fec3b6e8a41de2bbfff",
        "type": "github"
      },
      "original": {
        "owner": "nixos",
        "ref": "nixos-unstable",
        "repo": "nixpkgs",
        "type": "github"
      }
    },
    "root": {
      "inputs": {
        "grubTheme": "grubTheme",
        "hywenhei-extended-font": "hywenhei-extended-font",
        "nixpkgs": "nixpkgs"
      }
    }
  },
  "root": "root",
  "version": 7
}
