{
  "nodes": {
    "grubTheme": {
      "inputs": {
        "nixpkgs": [
          "nixpkgs"
        ]
      },
      "locked": {
        "lastModified": 1761492206,
        "narHash": "sha256-W1WDoq3+uggcmj1AeXlqJIm/XjfJPINyE0sX7vlfKaY=",
        "owner": "max-ishere",
        "repo": "grub-theme.nix",
        "rev": "d807a0f176a32e7d62bea12701cbd04302d903b6",
        "type": "github"
      },
      "original": {
        "owner": "max-ishere",
        "ref": "main",
        "repo": "grub-theme.nix",
        "type": "github"
      }
    },
    "hywenhei-extended-font": {
      "flake": false,
      "locked": {
        "lastModified": 1706958192,
        "narHash": "sha256-zzRUVv+OmINrvhOkQWZQ6EjjsqQMO2oAiOKE7je1F6U=",
        "owner": "cawa-93",
        "repo": "HYWenHei-Extended-Font",
        "rev": "4377078bad15b06e68576cab2173d7467398afe7",
        "type": "github"
      },
      "original": {
        "owner": "cawa-93",
        "ref": "main",
        "repo": "HYWenHei-Extended-Font",
        "type": "github"
      }
    },
    "nixpkgs": {
      "locked": {
        "lastModified": 1761373498,
        "narHash": "sha256-Q/uhWNvd7V7k1H1ZPMy/vkx3F8C13ZcdrKjO7Jv7v0c=",
        "owner": "nixos",
        "repo": "nixpkgs",
        "rev": "6a08e6bb4e46ff7fcbb53d409b253f6bad8a28ce",
        "type": "github"
      },
      "original": {
        "owner": "nixos",
        "ref": "nixos-unstable",
        "repo": "nixpkgs",
        "type": "github"
      }
    },
    "root": {
      "inputs": {
        "grubTheme": "grubTheme",
        "hywenhei-extended-font": "hywenhei-extended-font",
        "nixpkgs": "nixpkgs"
      }
    }
  },
  "root": "root",
  "version": 7
}
